
Microsoft Visual Studio Solution File, Format Version 12.00
# Visual Studio Version 17
VisualStudioVersion = 17.5.002.0
MinimumVisualStudioVersion = 10.0.40219.1
Project("{9A19103F-16F7-4668-BE54-9A1E7A4F7556}") = "RazorTailWind", "RazorTailWind.csproj", "{30E00160-E123-4641-8937-EEEDB46417A3}"
EndProject
Global
	GlobalSection(SolutionConfigurationPlatforms) = preSolution
		Debug|Any CPU = Debug|Any CPU
		Release|Any CPU = Release|Any CPU
	EndGlobalSection
	GlobalSection(ProjectConfigurationPlatforms) = postSolution
		{30E00160-E123-4641-8937-EEEDB46417A3}.Debug|Any CPU.ActiveCfg = Debug|Any CPU
		{30E00160-E123-4641-8937-EEEDB46417A3}.Debug|Any CPU.Build.0 = Debug|Any CPU
		{30E00160-E123-4641-8937-EEEDB46417A3}.Release|Any CPU.ActiveCfg = Release|Any CPU
		{30E00160-E123-4641-8937-EEEDB46417A3}.Release|Any CPU.Build.0 = Release|Any CPU
	EndGlobalSection
	GlobalSection(SolutionProperties) = preSolution
		HideSolutionNode = FALSE
	EndGlobalSection
	GlobalSection(ExtensibilityGlobals) = postSolution
		SolutionGuid = {E225469A-7945-4735-B59D-0AB275DB8A64}
	EndGlobalSection
EndGlobal
